
Microsoft Visual Studio Solution File, Format Version 12.00
# Visual Studio 15
VisualStudioVersion = 15.0.28307.438
MinimumVisualStudioVersion = 10.0.40219.1
Project("{FAE04EC0-301F-11D3-BF4B-00C04F79EFBC}") = "RabbitSubscriber", "RabbitSubscriber\RabbitSubscriber.csproj", "{5DB443E2-E98A-40C5-BBE0-4F989675209C}"
EndProject
Global
	GlobalSection(SolutionConfigurationPlatforms) = preSolution
		Debug|Any CPU = Debug|Any CPU
		Release|Any CPU = Release|Any CPU
	EndGlobalSection
	GlobalSection(ProjectConfigurationPlatforms) = postSolution
		{5DB443E2-E98A-40C5-BBE0-4F989675209C}.Debug|Any CPU.ActiveCfg = Debug|Any CPU
		{5DB443E2-E98A-40C5-BBE0-4F989675209C}.Debug|Any CPU.Build.0 = Debug|Any CPU
		{5DB443E2-E98A-40C5-BBE0-4F989675209C}.Release|Any CPU.ActiveCfg = Release|Any CPU
		{5DB443E2-E98A-40C5-BBE0-4F989675209C}.Release|Any CPU.Build.0 = Release|Any CPU
	EndGlobalSection
	GlobalSection(SolutionProperties) = preSolution
		HideSolutionNode = FALSE
	EndGlobalSection
	GlobalSection(ExtensibilityGlobals) = postSolution
		SolutionGuid = {0439E275-7930-4B51-ADD5-ED8DBAE3D82F}
	EndGlobalSection
EndGlobal
